{
  "object": {
    "pins": [
      {
        "package": "AnyCodable",
        "repositoryURL": "https://github.com/Flight-School/AnyCodable",
        "state": {
          "branch": null,
          "revision": "6e9610258e9f1044b5e0d88545052846448b43c3",
          "version": "0.2.3"
        }
      },
      {
        "package": "HTMLString",
        "repositoryURL": "https://github.com/alexaubry/HTMLString",
        "state": {
          "branch": null,
          "revision": "373048cc4084dd7481c86e3bee41612eff93b14d",
          "version": "5.0.0"
        }
      },
      {
        "package": "OpenParkingBase",
        "repositoryURL": "https://github.com/OpenParkingApp/OpenParkingBase.git",
        "state": {
          "branch": null,
          "revision": "e44a0064b2b870e29b41d64a7e961b7694cfb528",
          "version": "0.5.1"
        }
      }
    ]
  },
  "version": 1
}
